
Microsoft Visual Studio Solution File, Format Version 12.00
# Visual Studio Version 17
VisualStudioVersion = 17.5.002.0
MinimumVisualStudioVersion = 10.0.40219.1
Project("{9A19103F-16F7-4668-BE54-9A1E7A4F7556}") = "MyCustomUmbracoProject", "MyCustomUmbracoProject.csproj", "{A0CD3D21-5E20-4D75-855C-BF463F001972}"
EndProject
Global
	GlobalSection(SolutionConfigurationPlatforms) = preSolution
		Debug|Any CPU = Debug|Any CPU
		Release|Any CPU = Release|Any CPU
	EndGlobalSection
	GlobalSection(ProjectConfigurationPlatforms) = postSolution
		{A0CD3D21-5E20-4D75-855C-BF463F001972}.Debug|Any CPU.ActiveCfg = Debug|Any CPU
		{A0CD3D21-5E20-4D75-855C-BF463F001972}.Debug|Any CPU.Build.0 = Debug|Any CPU
		{A0CD3D21-5E20-4D75-855C-BF463F001972}.Release|Any CPU.ActiveCfg = Release|Any CPU
		{A0CD3D21-5E20-4D75-855C-BF463F001972}.Release|Any CPU.Build.0 = Release|Any CPU
	EndGlobalSection
	GlobalSection(SolutionProperties) = preSolution
		HideSolutionNode = FALSE
	EndGlobalSection
	GlobalSection(ExtensibilityGlobals) = postSolution
		SolutionGuid = {83189416-E12B-4121-A451-DECB1F8E393C}
	EndGlobalSection
EndGlobal
